
Microsoft Visual Studio Solution File, Format Version 12.00
# Visual Studio Version 17
VisualStudioVersion = 17.1.32228.430
MinimumVisualStudioVersion = 10.0.40219.1
Project("{9A19103F-16F7-4668-BE54-9A1E7A4F7556}") = "VorhersageProzessor", "VorhersageProzessor\VorhersageProzessor.csproj", "{1E61080F-7A24-42FF-8CCA-4B0CD5CD584C}"
EndProject
Project("{9A19103F-16F7-4668-BE54-9A1E7A4F7556}") = "Vorhersage", "Vorhersage\Vorhersage.csproj", "{A5210312-17DF-4136-938A-254B311049B5}"
EndProject
Project("{9A19103F-16F7-4668-BE54-9A1E7A4F7556}") = "CsvProvider", "CsvProvider\CsvProvider.csproj", "{1DAA223E-4FAD-4C2E-ADF5-41576689E89D}"
EndProject
Project("{9A19103F-16F7-4668-BE54-9A1E7A4F7556}") = "RandomProvider", "RandomProvider\RandomProvider.csproj", "{B652706D-1FB8-4188-A97A-CB4D9210C635}"
EndProject
Project("{9A19103F-16F7-4668-BE54-9A1E7A4F7556}") = "CsvProviderTests", "CsvProviderTests\CsvProviderTests.csproj", "{244FEFE1-8389-473D-AC7A-AE6F3FDC03EC}"
EndProject
Project("{9A19103F-16F7-4668-BE54-9A1E7A4F7556}") = "VorhersageTests", "VorhersageTests\VorhersageTests.csproj", "{1D368E98-0A1B-4EF3-A462-57F1B919AF4A}"
EndProject
Project("{2150E333-8FDC-42A3-9474-1A3956D46DE8}") = "Tests", "Tests", "{FBD8E7AA-A418-4D1B-9EEA-023302E1B7F7}"
EndProject
Project("{9A19103F-16F7-4668-BE54-9A1E7A4F7556}") = "RandomProviderTests", "RandomProviderTests\RandomProviderTests.csproj", "{7F53EFA7-42DC-415A-AC37-7922DA58167A}"
EndProject
Global
	GlobalSection(SolutionConfigurationPlatforms) = preSolution
		Debug|Any CPU = Debug|Any CPU
		Release|Any CPU = Release|Any CPU
	EndGlobalSection
	GlobalSection(ProjectConfigurationPlatforms) = postSolution
		{1E61080F-7A24-42FF-8CCA-4B0CD5CD584C}.Debug|Any CPU.ActiveCfg = Debug|Any CPU
		{1E61080F-7A24-42FF-8CCA-4B0CD5CD584C}.Debug|Any CPU.Build.0 = Debug|Any CPU
		{1E61080F-7A24-42FF-8CCA-4B0CD5CD584C}.Release|Any CPU.ActiveCfg = Release|Any CPU
		{1E61080F-7A24-42FF-8CCA-4B0CD5CD584C}.Release|Any CPU.Build.0 = Release|Any CPU
		{A5210312-17DF-4136-938A-254B311049B5}.Debug|Any CPU.ActiveCfg = Debug|Any CPU
		{A5210312-17DF-4136-938A-254B311049B5}.Debug|Any CPU.Build.0 = Debug|Any CPU
		{A5210312-17DF-4136-938A-254B311049B5}.Release|Any CPU.ActiveCfg = Release|Any CPU
		{A5210312-17DF-4136-938A-254B311049B5}.Release|Any CPU.Build.0 = Release|Any CPU
		{1DAA223E-4FAD-4C2E-ADF5-41576689E89D}.Debug|Any CPU.ActiveCfg = Debug|Any CPU
		{1DAA223E-4FAD-4C2E-ADF5-41576689E89D}.Debug|Any CPU.Build.0 = Debug|Any CPU
		{1DAA223E-4FAD-4C2E-ADF5-41576689E89D}.Release|Any CPU.ActiveCfg = Release|Any CPU
		{1DAA223E-4FAD-4C2E-ADF5-41576689E89D}.Release|Any CPU.Build.0 = Release|Any CPU
		{B652706D-1FB8-4188-A97A-CB4D9210C635}.Debug|Any CPU.ActiveCfg = Debug|Any CPU
		{B652706D-1FB8-4188-A97A-CB4D9210C635}.Debug|Any CPU.Build.0 = Debug|Any CPU
		{B652706D-1FB8-4188-A97A-CB4D9210C635}.Release|Any CPU.ActiveCfg = Release|Any CPU
		{B652706D-1FB8-4188-A97A-CB4D9210C635}.Release|Any CPU.Build.0 = Release|Any CPU
		{244FEFE1-8389-473D-AC7A-AE6F3FDC03EC}.Debug|Any CPU.ActiveCfg = Debug|Any CPU
		{244FEFE1-8389-473D-AC7A-AE6F3FDC03EC}.Debug|Any CPU.Build.0 = Debug|Any CPU
		{244FEFE1-8389-473D-AC7A-AE6F3FDC03EC}.Release|Any CPU.ActiveCfg = Release|Any CPU
		{244FEFE1-8389-473D-AC7A-AE6F3FDC03EC}.Release|Any CPU.Build.0 = Release|Any CPU
		{1D368E98-0A1B-4EF3-A462-57F1B919AF4A}.Debug|Any CPU.ActiveCfg = Debug|Any CPU
		{1D368E98-0A1B-4EF3-A462-57F1B919AF4A}.Debug|Any CPU.Build.0 = Debug|Any CPU
		{1D368E98-0A1B-4EF3-A462-57F1B919AF4A}.Release|Any CPU.ActiveCfg = Release|Any CPU
		{1D368E98-0A1B-4EF3-A462-57F1B919AF4A}.Release|Any CPU.Build.0 = Release|Any CPU
		{7F53EFA7-42DC-415A-AC37-7922DA58167A}.Debug|Any CPU.ActiveCfg = Debug|Any CPU
		{7F53EFA7-42DC-415A-AC37-7922DA58167A}.Debug|Any CPU.Build.0 = Debug|Any CPU
		{7F53EFA7-42DC-415A-AC37-7922DA58167A}.Release|Any CPU.ActiveCfg = Release|Any CPU
		{7F53EFA7-42DC-415A-AC37-7922DA58167A}.Release|Any CPU.Build.0 = Release|Any CPU
	EndGlobalSection
	GlobalSection(SolutionProperties) = preSolution
		HideSolutionNode = FALSE
	EndGlobalSection
	GlobalSection(NestedProjects) = preSolution
		{244FEFE1-8389-473D-AC7A-AE6F3FDC03EC} = {FBD8E7AA-A418-4D1B-9EEA-023302E1B7F7}
		{1D368E98-0A1B-4EF3-A462-57F1B919AF4A} = {FBD8E7AA-A418-4D1B-9EEA-023302E1B7F7}
		{7F53EFA7-42DC-415A-AC37-7922DA58167A} = {FBD8E7AA-A418-4D1B-9EEA-023302E1B7F7}
	EndGlobalSection
	GlobalSection(ExtensibilityGlobals) = postSolution
		SolutionGuid = {DDE155BF-C4D6-4EFC-AD95-DC8F3F4F77E2}
	EndGlobalSection
EndGlobal
