
Microsoft Visual Studio Solution File, Format Version 12.00
# Visual Studio Version 17
VisualStudioVersion = 17.1.32228.430
MinimumVisualStudioVersion = 10.0.40219.1
Project("{9A19103F-16F7-4668-BE54-9A1E7A4F7556}") = "forecast_contracts", "forecast_contracts\forecast_contracts.csproj", "{D6F26F2C-50CF-47E5-A65C-C72F9FA7962C}"
EndProject
Project("{FAE04EC0-301F-11D3-BF4B-00C04F79EFBC}") = "test_forecast_contracts", "test_forecast_contracts\test_forecast_contracts.csproj", "{3ACACD94-72A5-4B9A-B2B4-00235C6EF5FE}"
EndProject
Global
	GlobalSection(SolutionConfigurationPlatforms) = preSolution
		Debug|Any CPU = Debug|Any CPU
		Release|Any CPU = Release|Any CPU
	EndGlobalSection
	GlobalSection(ProjectConfigurationPlatforms) = postSolution
		{D6F26F2C-50CF-47E5-A65C-C72F9FA7962C}.Debug|Any CPU.ActiveCfg = Debug|Any CPU
		{D6F26F2C-50CF-47E5-A65C-C72F9FA7962C}.Debug|Any CPU.Build.0 = Debug|Any CPU
		{D6F26F2C-50CF-47E5-A65C-C72F9FA7962C}.Release|Any CPU.ActiveCfg = Release|Any CPU
		{D6F26F2C-50CF-47E5-A65C-C72F9FA7962C}.Release|Any CPU.Build.0 = Release|Any CPU
		{3ACACD94-72A5-4B9A-B2B4-00235C6EF5FE}.Debug|Any CPU.ActiveCfg = Debug|Any CPU
		{3ACACD94-72A5-4B9A-B2B4-00235C6EF5FE}.Debug|Any CPU.Build.0 = Debug|Any CPU
		{3ACACD94-72A5-4B9A-B2B4-00235C6EF5FE}.Release|Any CPU.ActiveCfg = Release|Any CPU
		{3ACACD94-72A5-4B9A-B2B4-00235C6EF5FE}.Release|Any CPU.Build.0 = Release|Any CPU
	EndGlobalSection
	GlobalSection(SolutionProperties) = preSolution
		HideSolutionNode = FALSE
	EndGlobalSection
	GlobalSection(ExtensibilityGlobals) = postSolution
		SolutionGuid = {DDE155BF-C4D6-4EFC-AD95-DC8F3F4F77E2}
	EndGlobalSection
EndGlobal
